
Microsoft Visual Studio Solution File, Format Version 12.00
# Visual Studio Version 17
VisualStudioVersion = 17.5.002.0
MinimumVisualStudioVersion = 10.0.40219.1
Project("{9A19103F-16F7-4668-BE54-9A1E7A4F7556}") = "CarMaintenance", "CarMaintenance.csproj", "{95A18A00-685F-440A-8466-B5E67999B601}"
EndProject
Global
	GlobalSection(SolutionConfigurationPlatforms) = preSolution
		Debug|Any CPU = Debug|Any CPU
		Release|Any CPU = Release|Any CPU
	EndGlobalSection
	GlobalSection(ProjectConfigurationPlatforms) = postSolution
		{95A18A00-685F-440A-8466-B5E67999B601}.Debug|Any CPU.ActiveCfg = Debug|Any CPU
		{95A18A00-685F-440A-8466-B5E67999B601}.Debug|Any CPU.Build.0 = Debug|Any CPU
		{95A18A00-685F-440A-8466-B5E67999B601}.Release|Any CPU.ActiveCfg = Release|Any CPU
		{95A18A00-685F-440A-8466-B5E67999B601}.Release|Any CPU.Build.0 = Release|Any CPU
	EndGlobalSection
	GlobalSection(SolutionProperties) = preSolution
		HideSolutionNode = FALSE
	EndGlobalSection
	GlobalSection(ExtensibilityGlobals) = postSolution
		SolutionGuid = {CFBD34E8-4AC5-44F6-B8EC-E1F611D41A03}
	EndGlobalSection
EndGlobal
